
Microsoft Visual Studio Solution File, Format Version 12.00
# Visual Studio 15
VisualStudioVersion = 15.0.26124.0
MinimumVisualStudioVersion = 15.0.26124.0
Project("{FAE04EC0-301F-11D3-BF4B-00C04F79EFBC}") = "Gwen", "Gwen\Gwen.csproj", "{B00B8E3E-3E69-40FE-9484-6848E2C00CBF}"
EndProject
Project("{FAE04EC0-301F-11D3-BF4B-00C04F79EFBC}") = "Gwen.Renderer.OpenTK", "Gwen.Renderer.OpenTK\Gwen.Renderer.OpenTK.csproj", "{853CE864-1E50-4617-BFF4-F736CC1D138A}"
EndProject
Project("{FAE04EC0-301F-11D3-BF4B-00C04F79EFBC}") = "Gwen.Sample.OpenTK", "Gwen.Sample.OpenTK\Gwen.Sample.OpenTK.csproj", "{36BAB7CC-B796-4CCA-BE87-0D2AC39D64F1}"
EndProject
Project("{FAE04EC0-301F-11D3-BF4B-00C04F79EFBC}") = "Gwen.UnitTest", "Gwen.UnitTest\Gwen.UnitTest.csproj", "{2D57850E-6A89-43E2-BEF3-7DCDC8774A07}"
EndProject
Global
	GlobalSection(SolutionConfigurationPlatforms) = preSolution
		Debug|Any CPU = Debug|Any CPU
		Debug|x64 = Debug|x64
		Debug|x86 = Debug|x86
		Release|Any CPU = Release|Any CPU
		Release|x64 = Release|x64
		Release|x86 = Release|x86
	EndGlobalSection
	GlobalSection(SolutionProperties) = preSolution
		HideSolutionNode = FALSE
	EndGlobalSection
	GlobalSection(ProjectConfigurationPlatforms) = postSolution
		{B00B8E3E-3E69-40FE-9484-6848E2C00CBF}.Debug|Any CPU.ActiveCfg = Debug|Any CPU
		{B00B8E3E-3E69-40FE-9484-6848E2C00CBF}.Debug|Any CPU.Build.0 = Debug|Any CPU
		{B00B8E3E-3E69-40FE-9484-6848E2C00CBF}.Debug|x64.ActiveCfg = Debug|Any CPU
		{B00B8E3E-3E69-40FE-9484-6848E2C00CBF}.Debug|x64.Build.0 = Debug|Any CPU
		{B00B8E3E-3E69-40FE-9484-6848E2C00CBF}.Debug|x86.ActiveCfg = Debug|Any CPU
		{B00B8E3E-3E69-40FE-9484-6848E2C00CBF}.Debug|x86.Build.0 = Debug|Any CPU
		{B00B8E3E-3E69-40FE-9484-6848E2C00CBF}.Release|Any CPU.ActiveCfg = Release|Any CPU
		{B00B8E3E-3E69-40FE-9484-6848E2C00CBF}.Release|Any CPU.Build.0 = Release|Any CPU
		{B00B8E3E-3E69-40FE-9484-6848E2C00CBF}.Release|x64.ActiveCfg = Release|Any CPU
		{B00B8E3E-3E69-40FE-9484-6848E2C00CBF}.Release|x64.Build.0 = Release|Any CPU
		{B00B8E3E-3E69-40FE-9484-6848E2C00CBF}.Release|x86.ActiveCfg = Release|Any CPU
		{B00B8E3E-3E69-40FE-9484-6848E2C00CBF}.Release|x86.Build.0 = Release|Any CPU
		{853CE864-1E50-4617-BFF4-F736CC1D138A}.Debug|Any CPU.ActiveCfg = Debug|Any CPU
		{853CE864-1E50-4617-BFF4-F736CC1D138A}.Debug|Any CPU.Build.0 = Debug|Any CPU
		{853CE864-1E50-4617-BFF4-F736CC1D138A}.Debug|x64.ActiveCfg = Debug|Any CPU
		{853CE864-1E50-4617-BFF4-F736CC1D138A}.Debug|x64.Build.0 = Debug|Any CPU
		{853CE864-1E50-4617-BFF4-F736CC1D138A}.Debug|x86.ActiveCfg = Debug|Any CPU
		{853CE864-1E50-4617-BFF4-F736CC1D138A}.Debug|x86.Build.0 = Debug|Any CPU
		{853CE864-1E50-4617-BFF4-F736CC1D138A}.Release|Any CPU.ActiveCfg = Release|Any CPU
		{853CE864-1E50-4617-BFF4-F736CC1D138A}.Release|Any CPU.Build.0 = Release|Any CPU
		{853CE864-1E50-4617-BFF4-F736CC1D138A}.Release|x64.ActiveCfg = Release|Any CPU
		{853CE864-1E50-4617-BFF4-F736CC1D138A}.Release|x64.Build.0 = Release|Any CPU
		{853CE864-1E50-4617-BFF4-F736CC1D138A}.Release|x86.ActiveCfg = Release|Any CPU
		{853CE864-1E50-4617-BFF4-F736CC1D138A}.Release|x86.Build.0 = Release|Any CPU
		{36BAB7CC-B796-4CCA-BE87-0D2AC39D64F1}.Debug|Any CPU.ActiveCfg = Debug|Any CPU
		{36BAB7CC-B796-4CCA-BE87-0D2AC39D64F1}.Debug|Any CPU.Build.0 = Debug|Any CPU
		{36BAB7CC-B796-4CCA-BE87-0D2AC39D64F1}.Debug|x64.ActiveCfg = Debug|Any CPU
		{36BAB7CC-B796-4CCA-BE87-0D2AC39D64F1}.Debug|x64.Build.0 = Debug|Any CPU
		{36BAB7CC-B796-4CCA-BE87-0D2AC39D64F1}.Debug|x86.ActiveCfg = Debug|Any CPU
		{36BAB7CC-B796-4CCA-BE87-0D2AC39D64F1}.Debug|x86.Build.0 = Debug|Any CPU
		{36BAB7CC-B796-4CCA-BE87-0D2AC39D64F1}.Release|Any CPU.ActiveCfg = Release|Any CPU
		{36BAB7CC-B796-4CCA-BE87-0D2AC39D64F1}.Release|Any CPU.Build.0 = Release|Any CPU
		{36BAB7CC-B796-4CCA-BE87-0D2AC39D64F1}.Release|x64.ActiveCfg = Release|Any CPU
		{36BAB7CC-B796-4CCA-BE87-0D2AC39D64F1}.Release|x64.Build.0 = Release|Any CPU
		{36BAB7CC-B796-4CCA-BE87-0D2AC39D64F1}.Release|x86.ActiveCfg = Release|Any CPU
		{36BAB7CC-B796-4CCA-BE87-0D2AC39D64F1}.Release|x86.Build.0 = Release|Any CPU
		{2D57850E-6A89-43E2-BEF3-7DCDC8774A07}.Debug|Any CPU.ActiveCfg = Debug|Any CPU
		{2D57850E-6A89-43E2-BEF3-7DCDC8774A07}.Debug|Any CPU.Build.0 = Debug|Any CPU
		{2D57850E-6A89-43E2-BEF3-7DCDC8774A07}.Debug|x64.ActiveCfg = Debug|Any CPU
		{2D57850E-6A89-43E2-BEF3-7DCDC8774A07}.Debug|x64.Build.0 = Debug|Any CPU
		{2D57850E-6A89-43E2-BEF3-7DCDC8774A07}.Debug|x86.ActiveCfg = Debug|Any CPU
		{2D57850E-6A89-43E2-BEF3-7DCDC8774A07}.Debug|x86.Build.0 = Debug|Any CPU
		{2D57850E-6A89-43E2-BEF3-7DCDC8774A07}.Release|Any CPU.ActiveCfg = Release|Any CPU
		{2D57850E-6A89-43E2-BEF3-7DCDC8774A07}.Release|Any CPU.Build.0 = Release|Any CPU
		{2D57850E-6A89-43E2-BEF3-7DCDC8774A07}.Release|x64.ActiveCfg = Release|Any CPU
		{2D57850E-6A89-43E2-BEF3-7DCDC8774A07}.Release|x64.Build.0 = Release|Any CPU
		{2D57850E-6A89-43E2-BEF3-7DCDC8774A07}.Release|x86.ActiveCfg = Release|Any CPU
		{2D57850E-6A89-43E2-BEF3-7DCDC8774A07}.Release|x86.Build.0 = Release|Any CPU
	EndGlobalSection
EndGlobal
